
Microsoft Visual Studio Solution File, Format Version 12.00
# Visual Studio Version 17
VisualStudioVersion = 17.2.32526.322
MinimumVisualStudioVersion = 10.0.40219.1
Project("{9A19103F-16F7-4668-BE54-9A1E7A4F7556}") = "NASMB", "NASMB\NASMB.csproj", "{FC690848-6D86-4863-A0D4-AB9F9C360E56}"
EndProject
Project("{9A19103F-16F7-4668-BE54-9A1E7A4F7556}") = "TestProject1", "TestProject1\TestProject1.csproj", "{BC01FAF1-741B-4F27-BC1C-770B5EF6A657}"
EndProject
Project("{9A19103F-16F7-4668-BE54-9A1E7A4F7556}") = "NASMB.Wallet", "NASMB.Wallet\NASMB.Wallet.csproj", "{3D8C2E4B-F398-479F-A730-CED291F4C407}"
EndProject
Project("{9A19103F-16F7-4668-BE54-9A1E7A4F7556}") = "NASMB.Utils", "NASMB.Utils\NASMB.Utils.csproj", "{4A0463DA-B52B-4525-896D-625B72E08C1B}"
EndProject
Project("{FAE04EC0-301F-11D3-BF4B-00C04F79EFBC}") = "NASMB.TYPES", "NASMB.TYPES\NASMB.TYPES.csproj", "{B38D9DCB-7DC3-4F94-AC68-BF4AF1B2B4E8}"
EndProject
Global
	GlobalSection(SolutionConfigurationPlatforms) = preSolution
		Debug|Any CPU = Debug|Any CPU
		Release|Any CPU = Release|Any CPU
	EndGlobalSection
	GlobalSection(ProjectConfigurationPlatforms) = postSolution
		{FC690848-6D86-4863-A0D4-AB9F9C360E56}.Debug|Any CPU.ActiveCfg = Debug|Any CPU
		{FC690848-6D86-4863-A0D4-AB9F9C360E56}.Debug|Any CPU.Build.0 = Debug|Any CPU
		{FC690848-6D86-4863-A0D4-AB9F9C360E56}.Release|Any CPU.ActiveCfg = Release|Any CPU
		{FC690848-6D86-4863-A0D4-AB9F9C360E56}.Release|Any CPU.Build.0 = Release|Any CPU
		{BC01FAF1-741B-4F27-BC1C-770B5EF6A657}.Debug|Any CPU.ActiveCfg = Debug|Any CPU
		{BC01FAF1-741B-4F27-BC1C-770B5EF6A657}.Debug|Any CPU.Build.0 = Debug|Any CPU
		{BC01FAF1-741B-4F27-BC1C-770B5EF6A657}.Release|Any CPU.ActiveCfg = Release|Any CPU
		{BC01FAF1-741B-4F27-BC1C-770B5EF6A657}.Release|Any CPU.Build.0 = Release|Any CPU
		{3D8C2E4B-F398-479F-A730-CED291F4C407}.Debug|Any CPU.ActiveCfg = Debug|Any CPU
		{3D8C2E4B-F398-479F-A730-CED291F4C407}.Debug|Any CPU.Build.0 = Debug|Any CPU
		{3D8C2E4B-F398-479F-A730-CED291F4C407}.Release|Any CPU.ActiveCfg = Release|Any CPU
		{3D8C2E4B-F398-479F-A730-CED291F4C407}.Release|Any CPU.Build.0 = Release|Any CPU
		{4A0463DA-B52B-4525-896D-625B72E08C1B}.Debug|Any CPU.ActiveCfg = Debug|Any CPU
		{4A0463DA-B52B-4525-896D-625B72E08C1B}.Debug|Any CPU.Build.0 = Debug|Any CPU
		{4A0463DA-B52B-4525-896D-625B72E08C1B}.Release|Any CPU.ActiveCfg = Release|Any CPU
		{4A0463DA-B52B-4525-896D-625B72E08C1B}.Release|Any CPU.Build.0 = Release|Any CPU
		{B38D9DCB-7DC3-4F94-AC68-BF4AF1B2B4E8}.Debug|Any CPU.ActiveCfg = Debug|Any CPU
		{B38D9DCB-7DC3-4F94-AC68-BF4AF1B2B4E8}.Debug|Any CPU.Build.0 = Debug|Any CPU
		{B38D9DCB-7DC3-4F94-AC68-BF4AF1B2B4E8}.Release|Any CPU.ActiveCfg = Release|Any CPU
		{B38D9DCB-7DC3-4F94-AC68-BF4AF1B2B4E8}.Release|Any CPU.Build.0 = Release|Any CPU
	EndGlobalSection
	GlobalSection(SolutionProperties) = preSolution
		HideSolutionNode = FALSE
	EndGlobalSection
	GlobalSection(ExtensibilityGlobals) = postSolution
		SolutionGuid = {D63B79DF-EBBB-4104-A6B8-5C1F1D5825DB}
	EndGlobalSection
EndGlobal
